
Microsoft Visual Studio Solution File, Format Version 12.00
# Visual Studio Version 17
VisualStudioVersion = 17.6.33815.320
MinimumVisualStudioVersion = 10.0.40219.1
Project("{FAE04EC0-301F-11D3-BF4B-00C04F79EFBC}") = "Advent2023_1", "Advent2023_1.csproj", "{5C3E2437-8653-465B-84D0-4165D1F3E423}"
EndProject
Global
	GlobalSection(SolutionConfigurationPlatforms) = preSolution
		Debug|Any CPU = Debug|Any CPU
		Release|Any CPU = Release|Any CPU
	EndGlobalSection
	GlobalSection(ProjectConfigurationPlatforms) = postSolution
		{5C3E2437-8653-465B-84D0-4165D1F3E423}.Debug|Any CPU.ActiveCfg = Debug|Any CPU
		{5C3E2437-8653-465B-84D0-4165D1F3E423}.Debug|Any CPU.Build.0 = Debug|Any CPU
		{5C3E2437-8653-465B-84D0-4165D1F3E423}.Release|Any CPU.ActiveCfg = Release|Any CPU
		{5C3E2437-8653-465B-84D0-4165D1F3E423}.Release|Any CPU.Build.0 = Release|Any CPU
	EndGlobalSection
	GlobalSection(SolutionProperties) = preSolution
		HideSolutionNode = FALSE
	EndGlobalSection
	GlobalSection(ExtensibilityGlobals) = postSolution
		SolutionGuid = {873448F4-4A56-47C1-B2DE-886FEA7C3C0F}
	EndGlobalSection
EndGlobal
